
Microsoft Visual Studio Solution File, Format Version 12.00
# Visual Studio Version 16
VisualStudioVersion = 16.0.31205.134
MinimumVisualStudioVersion = 10.0.40219.1
Project("{FAE04EC0-301F-11D3-BF4B-00C04F79EFBC}") = "XamarinCapstoneProj.UWP", "XamarinCapstoneProj\XamarinCapstoneProj.UWP\XamarinCapstoneProj.UWP.csproj", "{2296FF8B-C8A4-435F-87B4-467F7073EB40}"
EndProject
Project("{FAE04EC0-301F-11D3-BF4B-00C04F79EFBC}") = "XamarinCapstoneProj.Android", "XamarinCapstoneProj\XamarinCapstoneProj.Android\XamarinCapstoneProj.Android.csproj", "{8C6267A9-AF79-426C-89AC-81F8838DBE78}"
EndProject
Project("{FAE04EC0-301F-11D3-BF4B-00C04F79EFBC}") = "XamarinCapstoneProj.iOS", "XamarinCapstoneProj\XamarinCapstoneProj.iOS\XamarinCapstoneProj.iOS.csproj", "{5FBCF375-E1A9-4552-A229-6845A24DD0D0}"
EndProject
Project("{9A19103F-16F7-4668-BE54-9A1E7A4F7556}") = "XamarinCapstoneProj", "XamarinCapstoneProj\XamarinCapstoneProj\XamarinCapstoneProj.csproj", "{237637CE-AC40-4132-AA1F-27CB03B1F99D}"
EndProject
Project("{2150E333-8FDC-42A3-9474-1A3956D46DE8}") = "Solution Items", "Solution Items", "{213CF7ED-ED94-4C1C-8642-B0ABB161C70B}"
	ProjectSection(SolutionItems) = preProject
		ReadMe.md = ReadMe.md
	EndProjectSection
EndProject
Global
	GlobalSection(SolutionConfigurationPlatforms) = preSolution
		Debug|Any CPU = Debug|Any CPU
		Debug|ARM = Debug|ARM
		Debug|iPhone = Debug|iPhone
		Debug|iPhoneSimulator = Debug|iPhoneSimulator
		Debug|x64 = Debug|x64
		Debug|x86 = Debug|x86
		Release|Any CPU = Release|Any CPU
		Release|ARM = Release|ARM
		Release|iPhone = Release|iPhone
		Release|iPhoneSimulator = Release|iPhoneSimulator
		Release|x64 = Release|x64
		Release|x86 = Release|x86
	EndGlobalSection
	GlobalSection(ProjectConfigurationPlatforms) = postSolution
		{2296FF8B-C8A4-435F-87B4-467F7073EB40}.Debug|Any CPU.ActiveCfg = Debug|x86
		{2296FF8B-C8A4-435F-87B4-467F7073EB40}.Debug|Any CPU.Build.0 = Debug|x86
		{2296FF8B-C8A4-435F-87B4-467F7073EB40}.Debug|Any CPU.Deploy.0 = Debug|x86
		{2296FF8B-C8A4-435F-87B4-467F7073EB40}.Debug|ARM.ActiveCfg = Debug|ARM
		{2296FF8B-C8A4-435F-87B4-467F7073EB40}.Debug|ARM.Build.0 = Debug|ARM
		{2296FF8B-C8A4-435F-87B4-467F7073EB40}.Debug|ARM.Deploy.0 = Debug|ARM
		{2296FF8B-C8A4-435F-87B4-467F7073EB40}.Debug|iPhone.ActiveCfg = Debug|x86
		{2296FF8B-C8A4-435F-87B4-467F7073EB40}.Debug|iPhone.Build.0 = Debug|x86
		{2296FF8B-C8A4-435F-87B4-467F7073EB40}.Debug|iPhone.Deploy.0 = Debug|x86
		{2296FF8B-C8A4-435F-87B4-467F7073EB40}.Debug|iPhoneSimulator.ActiveCfg = Debug|x86
		{2296FF8B-C8A4-435F-87B4-467F7073EB40}.Debug|iPhoneSimulator.Build.0 = Debug|x86
		{2296FF8B-C8A4-435F-87B4-467F7073EB40}.Debug|iPhoneSimulator.Deploy.0 = Debug|x86
		{2296FF8B-C8A4-435F-87B4-467F7073EB40}.Debug|x64.ActiveCfg = Debug|x64
		{2296FF8B-C8A4-435F-87B4-467F7073EB40}.Debug|x64.Build.0 = Debug|x64
		{2296FF8B-C8A4-435F-87B4-467F7073EB40}.Debug|x64.Deploy.0 = Debug|x64
		{2296FF8B-C8A4-435F-87B4-467F7073EB40}.Debug|x86.ActiveCfg = Debug|x86
		{2296FF8B-C8A4-435F-87B4-467F7073EB40}.Debug|x86.Build.0 = Debug|x86
		{2296FF8B-C8A4-435F-87B4-467F7073EB40}.Debug|x86.Deploy.0 = Debug|x86
		{2296FF8B-C8A4-435F-87B4-467F7073EB40}.Release|Any CPU.ActiveCfg = Release|x86
		{2296FF8B-C8A4-435F-87B4-467F7073EB40}.Release|Any CPU.Build.0 = Release|x86
		{2296FF8B-C8A4-435F-87B4-467F7073EB40}.Release|Any CPU.Deploy.0 = Release|x86
		{2296FF8B-C8A4-435F-87B4-467F7073EB40}.Release|ARM.ActiveCfg = Release|ARM
		{2296FF8B-C8A4-435F-87B4-467F7073EB40}.Release|ARM.Build.0 = Release|ARM
		{2296FF8B-C8A4-435F-87B4-467F7073EB40}.Release|ARM.Deploy.0 = Release|ARM
		{2296FF8B-C8A4-435F-87B4-467F7073EB40}.Release|iPhone.ActiveCfg = Release|x86
		{2296FF8B-C8A4-435F-87B4-467F7073EB40}.Release|iPhone.Build.0 = Release|x86
		{2296FF8B-C8A4-435F-87B4-467F7073EB40}.Release|iPhone.Deploy.0 = Release|x86
		{2296FF8B-C8A4-435F-87B4-467F7073EB40}.Release|iPhoneSimulator.ActiveCfg = Release|x86
		{2296FF8B-C8A4-435F-87B4-467F7073EB40}.Release|iPhoneSimulator.Build.0 = Release|x86
		{2296FF8B-C8A4-435F-87B4-467F7073EB40}.Release|iPhoneSimulator.Deploy.0 = Release|x86
		{2296FF8B-C8A4-435F-87B4-467F7073EB40}.Release|x64.ActiveCfg = Release|x64
		{2296FF8B-C8A4-435F-87B4-467F7073EB40}.Release|x64.Build.0 = Release|x64
		{2296FF8B-C8A4-435F-87B4-467F7073EB40}.Release|x64.Deploy.0 = Release|x64
		{2296FF8B-C8A4-435F-87B4-467F7073EB40}.Release|x86.ActiveCfg = Release|x86
		{2296FF8B-C8A4-435F-87B4-467F7073EB40}.Release|x86.Build.0 = Release|x86
		{2296FF8B-C8A4-435F-87B4-467F7073EB40}.Release|x86.Deploy.0 = Release|x86
		{8C6267A9-AF79-426C-89AC-81F8838DBE78}.Debug|Any CPU.ActiveCfg = Debug|Any CPU
		{8C6267A9-AF79-426C-89AC-81F8838DBE78}.Debug|Any CPU.Build.0 = Debug|Any CPU
		{8C6267A9-AF79-426C-89AC-81F8838DBE78}.Debug|Any CPU.Deploy.0 = Debug|Any CPU
		{8C6267A9-AF79-426C-89AC-81F8838DBE78}.Debug|ARM.ActiveCfg = Debug|Any CPU
		{8C6267A9-AF79-426C-89AC-81F8838DBE78}.Debug|ARM.Build.0 = Debug|Any CPU
		{8C6267A9-AF79-426C-89AC-81F8838DBE78}.Debug|ARM.Deploy.0 = Debug|Any CPU
		{8C6267A9-AF79-426C-89AC-81F8838DBE78}.Debug|iPhone.ActiveCfg = Debug|Any CPU
		{8C6267A9-AF79-426C-89AC-81F8838DBE78}.Debug|iPhone.Build.0 = Debug|Any CPU
		{8C6267A9-AF79-426C-89AC-81F8838DBE78}.Debug|iPhone.Deploy.0 = Debug|Any CPU
		{8C6267A9-AF79-426C-89AC-81F8838DBE78}.Debug|iPhoneSimulator.ActiveCfg = Debug|Any CPU
		{8C6267A9-AF79-426C-89AC-81F8838DBE78}.Debug|iPhoneSimulator.Build.0 = Debug|Any CPU
		{8C6267A9-AF79-426C-89AC-81F8838DBE78}.Debug|iPhoneSimulator.Deploy.0 = Debug|Any CPU
		{8C6267A9-AF79-426C-89AC-81F8838DBE78}.Debug|x64.ActiveCfg = Debug|Any CPU
		{8C6267A9-AF79-426C-89AC-81F8838DBE78}.Debug|x64.Build.0 = Debug|Any CPU
		{8C6267A9-AF79-426C-89AC-81F8838DBE78}.Debug|x64.Deploy.0 = Debug|Any CPU
		{8C6267A9-AF79-426C-89AC-81F8838DBE78}.Debug|x86.ActiveCfg = Debug|Any CPU
		{8C6267A9-AF79-426C-89AC-81F8838DBE78}.Debug|x86.Build.0 = Debug|Any CPU
		{8C6267A9-AF79-426C-89AC-81F8838DBE78}.Debug|x86.Deploy.0 = Debug|Any CPU
		{8C6267A9-AF79-426C-89AC-81F8838DBE78}.Release|Any CPU.ActiveCfg = Release|Any CPU
		{8C6267A9-AF79-426C-89AC-81F8838DBE78}.Release|Any CPU.Build.0 = Release|Any CPU
		{8C6267A9-AF79-426C-89AC-81F8838DBE78}.Release|Any CPU.Deploy.0 = Release|Any CPU
		{8C6267A9-AF79-426C-89AC-81F8838DBE78}.Release|ARM.ActiveCfg = Release|Any CPU
		{8C6267A9-AF79-426C-89AC-81F8838DBE78}.Release|ARM.Build.0 = Release|Any CPU
		{8C6267A9-AF79-426C-89AC-81F8838DBE78}.Release|ARM.Deploy.0 = Release|Any CPU
		{8C6267A9-AF79-426C-89AC-81F8838DBE78}.Release|iPhone.ActiveCfg = Release|Any CPU
		{8C6267A9-AF79-426C-89AC-81F8838DBE78}.Release|iPhone.Build.0 = Release|Any CPU
		{8C6267A9-AF79-426C-89AC-81F8838DBE78}.Release|iPhone.Deploy.0 = Release|Any CPU
		{8C6267A9-AF79-426C-89AC-81F8838DBE78}.Release|iPhoneSimulator.ActiveCfg = Release|Any CPU
		{8C6267A9-AF79-426C-89AC-81F8838DBE78}.Release|iPhoneSimulator.Build.0 = Release|Any CPU
		{8C6267A9-AF79-426C-89AC-81F8838DBE78}.Release|iPhoneSimulator.Deploy.0 = Release|Any CPU
		{8C6267A9-AF79-426C-89AC-81F8838DBE78}.Release|x64.ActiveCfg = Release|Any CPU
		{8C6267A9-AF79-426C-89AC-81F8838DBE78}.Release|x64.Build.0 = Release|Any CPU
		{8C6267A9-AF79-426C-89AC-81F8838DBE78}.Release|x64.Deploy.0 = Release|Any CPU
		{8C6267A9-AF79-426C-89AC-81F8838DBE78}.Release|x86.ActiveCfg = Release|Any CPU
		{8C6267A9-AF79-426C-89AC-81F8838DBE78}.Release|x86.Build.0 = Release|Any CPU
		{8C6267A9-AF79-426C-89AC-81F8838DBE78}.Release|x86.Deploy.0 = Release|Any CPU
		{5FBCF375-E1A9-4552-A229-6845A24DD0D0}.Debug|Any CPU.ActiveCfg = Debug|iPhoneSimulator
		{5FBCF375-E1A9-4552-A229-6845A24DD0D0}.Debug|Any CPU.Build.0 = Debug|iPhoneSimulator
		{5FBCF375-E1A9-4552-A229-6845A24DD0D0}.Debug|Any CPU.Deploy.0 = Debug|iPhoneSimulator
		{5FBCF375-E1A9-4552-A229-6845A24DD0D0}.Debug|ARM.ActiveCfg = Debug|iPhone
		{5FBCF375-E1A9-4552-A229-6845A24DD0D0}.Debug|ARM.Build.0 = Debug|iPhone
		{5FBCF375-E1A9-4552-A229-6845A24DD0D0}.Debug|ARM.Deploy.0 = Debug|iPhone
		{5FBCF375-E1A9-4552-A229-6845A24DD0D0}.Debug|iPhone.ActiveCfg = Debug|iPhone
		{5FBCF375-E1A9-4552-A229-6845A24DD0D0}.Debug|iPhone.Build.0 = Debug|iPhone
		{5FBCF375-E1A9-4552-A229-6845A24DD0D0}.Debug|iPhone.Deploy.0 = Debug|iPhone
		{5FBCF375-E1A9-4552-A229-6845A24DD0D0}.Debug|iPhoneSimulator.ActiveCfg = Debug|iPhoneSimulator
		{5FBCF375-E1A9-4552-A229-6845A24DD0D0}.Debug|iPhoneSimulator.Build.0 = Debug|iPhoneSimulator
		{5FBCF375-E1A9-4552-A229-6845A24DD0D0}.Debug|iPhoneSimulator.Deploy.0 = Debug|iPhoneSimulator
		{5FBCF375-E1A9-4552-A229-6845A24DD0D0}.Debug|x64.ActiveCfg = Debug|iPhoneSimulator
		{5FBCF375-E1A9-4552-A229-6845A24DD0D0}.Debug|x64.Build.0 = Debug|iPhoneSimulator
		{5FBCF375-E1A9-4552-A229-6845A24DD0D0}.Debug|x64.Deploy.0 = Debug|iPhoneSimulator
		{5FBCF375-E1A9-4552-A229-6845A24DD0D0}.Debug|x86.ActiveCfg = Debug|iPhoneSimulator
		{5FBCF375-E1A9-4552-A229-6845A24DD0D0}.Debug|x86.Build.0 = Debug|iPhoneSimulator
		{5FBCF375-E1A9-4552-A229-6845A24DD0D0}.Debug|x86.Deploy.0 = Debug|iPhoneSimulator
		{5FBCF375-E1A9-4552-A229-6845A24DD0D0}.Release|Any CPU.ActiveCfg = Release|iPhoneSimulator
		{5FBCF375-E1A9-4552-A229-6845A24DD0D0}.Release|Any CPU.Build.0 = Release|iPhoneSimulator
		{5FBCF375-E1A9-4552-A229-6845A24DD0D0}.Release|Any CPU.Deploy.0 = Release|iPhoneSimulator
		{5FBCF375-E1A9-4552-A229-6845A24DD0D0}.Release|ARM.ActiveCfg = Release|iPhoneSimulator
		{5FBCF375-E1A9-4552-A229-6845A24DD0D0}.Release|ARM.Build.0 = Release|iPhoneSimulator
		{5FBCF375-E1A9-4552-A229-6845A24DD0D0}.Release|ARM.Deploy.0 = Release|iPhoneSimulator
		{5FBCF375-E1A9-4552-A229-6845A24DD0D0}.Release|iPhone.ActiveCfg = Release|iPhone
		{5FBCF375-E1A9-4552-A229-6845A24DD0D0}.Release|iPhone.Build.0 = Release|iPhone
		{5FBCF375-E1A9-4552-A229-6845A24DD0D0}.Release|iPhone.Deploy.0 = Release|iPhone
		{5FBCF375-E1A9-4552-A229-6845A24DD0D0}.Release|iPhoneSimulator.ActiveCfg = Release|iPhoneSimulator
		{5FBCF375-E1A9-4552-A229-6845A24DD0D0}.Release|iPhoneSimulator.Build.0 = Release|iPhoneSimulator
		{5FBCF375-E1A9-4552-A229-6845A24DD0D0}.Release|iPhoneSimulator.Deploy.0 = Release|iPhoneSimulator
		{5FBCF375-E1A9-4552-A229-6845A24DD0D0}.Release|x64.ActiveCfg = Release|iPhoneSimulator
		{5FBCF375-E1A9-4552-A229-6845A24DD0D0}.Release|x64.Build.0 = Release|iPhoneSimulator
		{5FBCF375-E1A9-4552-A229-6845A24DD0D0}.Release|x64.Deploy.0 = Release|iPhoneSimulator
		{5FBCF375-E1A9-4552-A229-6845A24DD0D0}.Release|x86.ActiveCfg = Release|iPhoneSimulator
		{5FBCF375-E1A9-4552-A229-6845A24DD0D0}.Release|x86.Build.0 = Release|iPhoneSimulator
		{5FBCF375-E1A9-4552-A229-6845A24DD0D0}.Release|x86.Deploy.0 = Release|iPhoneSimulator
		{237637CE-AC40-4132-AA1F-27CB03B1F99D}.Debug|Any CPU.ActiveCfg = Debug|Any CPU
		{237637CE-AC40-4132-AA1F-27CB03B1F99D}.Debug|Any CPU.Build.0 = Debug|Any CPU
		{237637CE-AC40-4132-AA1F-27CB03B1F99D}.Debug|Any CPU.Deploy.0 = Debug|Any CPU
		{237637CE-AC40-4132-AA1F-27CB03B1F99D}.Debug|ARM.ActiveCfg = Debug|Any CPU
		{237637CE-AC40-4132-AA1F-27CB03B1F99D}.Debug|ARM.Build.0 = Debug|Any CPU
		{237637CE-AC40-4132-AA1F-27CB03B1F99D}.Debug|ARM.Deploy.0 = Debug|Any CPU
		{237637CE-AC40-4132-AA1F-27CB03B1F99D}.Debug|iPhone.ActiveCfg = Debug|Any CPU
		{237637CE-AC40-4132-AA1F-27CB03B1F99D}.Debug|iPhone.Build.0 = Debug|Any CPU
		{237637CE-AC40-4132-AA1F-27CB03B1F99D}.Debug|iPhone.Deploy.0 = Debug|Any CPU
		{237637CE-AC40-4132-AA1F-27CB03B1F99D}.Debug|iPhoneSimulator.ActiveCfg = Debug|Any CPU
		{237637CE-AC40-4132-AA1F-27CB03B1F99D}.Debug|iPhoneSimulator.Build.0 = Debug|Any CPU
		{237637CE-AC40-4132-AA1F-27CB03B1F99D}.Debug|iPhoneSimulator.Deploy.0 = Debug|Any CPU
		{237637CE-AC40-4132-AA1F-27CB03B1F99D}.Debug|x64.ActiveCfg = Debug|Any CPU
		{237637CE-AC40-4132-AA1F-27CB03B1F99D}.Debug|x64.Build.0 = Debug|Any CPU
		{237637CE-AC40-4132-AA1F-27CB03B1F99D}.Debug|x64.Deploy.0 = Debug|Any CPU
		{237637CE-AC40-4132-AA1F-27CB03B1F99D}.Debug|x86.ActiveCfg = Debug|Any CPU
		{237637CE-AC40-4132-AA1F-27CB03B1F99D}.Debug|x86.Build.0 = Debug|Any CPU
		{237637CE-AC40-4132-AA1F-27CB03B1F99D}.Debug|x86.Deploy.0 = Debug|Any CPU
		{237637CE-AC40-4132-AA1F-27CB03B1F99D}.Release|Any CPU.ActiveCfg = Release|Any CPU
		{237637CE-AC40-4132-AA1F-27CB03B1F99D}.Release|Any CPU.Build.0 = Release|Any CPU
		{237637CE-AC40-4132-AA1F-27CB03B1F99D}.Release|Any CPU.Deploy.0 = Release|Any CPU
		{237637CE-AC40-4132-AA1F-27CB03B1F99D}.Release|ARM.ActiveCfg = Release|Any CPU
		{237637CE-AC40-4132-AA1F-27CB03B1F99D}.Release|ARM.Build.0 = Release|Any CPU
		{237637CE-AC40-4132-AA1F-27CB03B1F99D}.Release|ARM.Deploy.0 = Release|Any CPU
		{237637CE-AC40-4132-AA1F-27CB03B1F99D}.Release|iPhone.ActiveCfg = Release|Any CPU
		{237637CE-AC40-4132-AA1F-27CB03B1F99D}.Release|iPhone.Build.0 = Release|Any CPU
		{237637CE-AC40-4132-AA1F-27CB03B1F99D}.Release|iPhone.Deploy.0 = Release|Any CPU
		{237637CE-AC40-4132-AA1F-27CB03B1F99D}.Release|iPhoneSimulator.ActiveCfg = Release|Any CPU
		{237637CE-AC40-4132-AA1F-27CB03B1F99D}.Release|iPhoneSimulator.Build.0 = Release|Any CPU
		{237637CE-AC40-4132-AA1F-27CB03B1F99D}.Release|iPhoneSimulator.Deploy.0 = Release|Any CPU
		{237637CE-AC40-4132-AA1F-27CB03B1F99D}.Release|x64.ActiveCfg = Release|Any CPU
		{237637CE-AC40-4132-AA1F-27CB03B1F99D}.Release|x64.Build.0 = Release|Any CPU
		{237637CE-AC40-4132-AA1F-27CB03B1F99D}.Release|x64.Deploy.0 = Release|Any CPU
		{237637CE-AC40-4132-AA1F-27CB03B1F99D}.Release|x86.ActiveCfg = Release|Any CPU
		{237637CE-AC40-4132-AA1F-27CB03B1F99D}.Release|x86.Build.0 = Release|Any CPU
		{237637CE-AC40-4132-AA1F-27CB03B1F99D}.Release|x86.Deploy.0 = Release|Any CPU
	EndGlobalSection
	GlobalSection(SolutionProperties) = preSolution
		HideSolutionNode = FALSE
	EndGlobalSection
	GlobalSection(ExtensibilityGlobals) = postSolution
		SolutionGuid = {A4A6B8C3-82A9-4B20-B371-48FB52A5E2C9}
	EndGlobalSection
EndGlobal
